
Microsoft Visual Studio Solution File, Format Version 12.00
# Visual Studio 15
VisualStudioVersion = 15.0.27428.2037
MinimumVisualStudioVersion = 10.0.40219.1
Project("{FAE04EC0-301F-11D3-BF4B-00C04F79EFBC}") = "WordGrid", "WordGrid\WordGrid.csproj", "{CDF24B46-A065-4D4E-8779-9FC9C42031D7}"
EndProject
Global
	GlobalSection(SolutionConfigurationPlatforms) = preSolution
		Debug|Any CPU = Debug|Any CPU
		Release|Any CPU = Release|Any CPU
	EndGlobalSection
	GlobalSection(ProjectConfigurationPlatforms) = postSolution
		{CDF24B46-A065-4D4E-8779-9FC9C42031D7}.Debug|Any CPU.ActiveCfg = Debug|Any CPU
		{CDF24B46-A065-4D4E-8779-9FC9C42031D7}.Debug|Any CPU.Build.0 = Debug|Any CPU
		{CDF24B46-A065-4D4E-8779-9FC9C42031D7}.Release|Any CPU.ActiveCfg = Release|Any CPU
		{CDF24B46-A065-4D4E-8779-9FC9C42031D7}.Release|Any CPU.Build.0 = Release|Any CPU
	EndGlobalSection
	GlobalSection(SolutionProperties) = preSolution
		HideSolutionNode = FALSE
	EndGlobalSection
	GlobalSection(ExtensibilityGlobals) = postSolution
		SolutionGuid = {1E50B0BD-FD79-4781-BFBB-2EECB55E8DEA}
	EndGlobalSection
EndGlobal
